// !$*UTF8*$!
{
	archiveVersion = 1;
	classes = {
	};
	objectVersion = 51;
	objects = {

/* Begin PBXBuildFile section */
		203644B124B1D32100C31BC9 /* AppFramework.swift in Sources */ = {isa = PBXBuildFile; fileRef = 203644B024B1D32100C31BC9 /* AppFramework.swift */; };
		203644B524B1D37600C31BC9 /* CoordinatorDIPart.swift in Sources */ = {isa = PBXBuildFile; fileRef = 203644B424B1D37600C31BC9 /* CoordinatorDIPart.swift */; };
		203644B724B1D7DC00C31BC9 /* TopGamesStreamsFeedDIPart.swift in Sources */ = {isa = PBXBuildFile; fileRef = 203644B624B1D7DC00C31BC9 /* TopGamesStreamsFeedDIPart.swift */; };
		203644B924B1DF7400C31BC9 /* Protocols.swift in Sources */ = {isa = PBXBuildFile; fileRef = 203644B824B1DF7400C31BC9 /* Protocols.swift */; };
		203644BD24B1DFC800C31BC9 /* TopGamesFeedCoordinator.swift in Sources */ = {isa = PBXBuildFile; fileRef = 203644BC24B1DFC800C31BC9 /* TopGamesFeedCoordinator.swift */; };
		2037665324B6314800A7089F /* PosterImageViewBaseView.swift in Sources */ = {isa = PBXBuildFile; fileRef = 2037665224B6314800A7089F /* PosterImageViewBaseView.swift */; };
		2042D9BA24B3793D007C8E5E /* UIScrollView + Extensions.swift in Sources */ = {isa = PBXBuildFile; fileRef = 2042D9B924B3793D007C8E5E /* UIScrollView + Extensions.swift */; };
		2042D9BE24B37A11007C8E5E /* TwitchFeaturedStream.swift in Sources */ = {isa = PBXBuildFile; fileRef = 2042D9BD24B37A11007C8E5E /* TwitchFeaturedStream.swift */; };
		204831CC24B8C93300361B50 /* TwitchStream.swift in Sources */ = {isa = PBXBuildFile; fileRef = 204831CB24B8C93300361B50 /* TwitchStream.swift */; };
		204831CF24B8C9D900361B50 /* TwitchStreamsFeedViewModel.swift in Sources */ = {isa = PBXBuildFile; fileRef = 204831CE24B8C9D900361B50 /* TwitchStreamsFeedViewModel.swift */; };
		204831D224B8CA5700361B50 /* TwitchStreamsFeedModelConverter.swift in Sources */ = {isa = PBXBuildFile; fileRef = 204831D124B8CA5700361B50 /* TwitchStreamsFeedModelConverter.swift */; };
		204831D424B8CA9B00361B50 /* TwitchStreamsFeedDIPart.swift in Sources */ = {isa = PBXBuildFile; fileRef = 204831D324B8CA9B00361B50 /* TwitchStreamsFeedDIPart.swift */; };
		204831D624B8CFD200361B50 /* TwitchStreamsFeedViewController.swift in Sources */ = {isa = PBXBuildFile; fileRef = 204831D524B8CFD200361B50 /* TwitchStreamsFeedViewController.swift */; };
		204831D824B8D04800361B50 /* TwitchStreamsFeedCoordinator.swift in Sources */ = {isa = PBXBuildFile; fileRef = 204831D724B8D04800361B50 /* TwitchStreamsFeedCoordinator.swift */; };
		204831DB24B8D18100361B50 /* TwitchStreamCell.swift in Sources */ = {isa = PBXBuildFile; fileRef = 204831DA24B8D18100361B50 /* TwitchStreamCell.swift */; };
		20893A5A24B240E2006A8964 /* Rx + Extensions.swift in Sources */ = {isa = PBXBuildFile; fileRef = 20893A5924B240E2006A8964 /* Rx + Extensions.swift */; };
		20EF34D524B11AC30082FA67 /* AppDelegate.swift in Sources */ = {isa = PBXBuildFile; fileRef = 20EF34D424B11AC30082FA67 /* AppDelegate.swift */; };
		20EF34DE24B11AC50082FA67 /* Assets.xcassets in Resources */ = {isa = PBXBuildFile; fileRef = 20EF34DD24B11AC50082FA67 /* Assets.xcassets */; };
		20EF34E124B11AC50082FA67 /* LaunchScreen.storyboard in Resources */ = {isa = PBXBuildFile; fileRef = 20EF34DF24B11AC50082FA67 /* LaunchScreen.storyboard */; };
		20EF350E24B11C580082FA67 /* TwitchGame.swift in Sources */ = {isa = PBXBuildFile; fileRef = 20EF350324B11C580082FA67 /* TwitchGame.swift */; };
		20EF350F24B11C580082FA67 /* HTTPClient.swift in Sources */ = {isa = PBXBuildFile; fileRef = 20EF350524B11C580082FA67 /* HTTPClient.swift */; };
		20EF351024B11C580082FA67 /* TwitchAPI.swift in Sources */ = {isa = PBXBuildFile; fileRef = 20EF350624B11C580082FA67 /* TwitchAPI.swift */; };
		20EF351124B11C580082FA67 /* TopGamesStreamsFeedViewModel.swift in Sources */ = {isa = PBXBuildFile; fileRef = 20EF350824B11C580082FA67 /* TopGamesStreamsFeedViewModel.swift */; };
		20EF351224B11C580082FA67 /* DotMenuButton.swift in Sources */ = {isa = PBXBuildFile; fileRef = 20EF350A24B11C580082FA67 /* DotMenuButton.swift */; };
		20EF351324B11C580082FA67 /* SlideMenuItemCell.swift in Sources */ = {isa = PBXBuildFile; fileRef = 20EF350B24B11C580082FA67 /* SlideMenuItemCell.swift */; };
		20EF351424B11C580082FA67 /* TwitchGameCell.swift in Sources */ = {isa = PBXBuildFile; fileRef = 20EF350C24B11C580082FA67 /* TwitchGameCell.swift */; };
		20EF351524B11C580082FA67 /* TopGamesStreamsFeedViewController.swift in Sources */ = {isa = PBXBuildFile; fileRef = 20EF350D24B11C580082FA67 /* TopGamesStreamsFeedViewController.swift */; };
		20FD59A724B19FA4008DD901 /* AppCoordinator.swift in Sources */ = {isa = PBXBuildFile; fileRef = 20FD59A624B19FA4008DD901 /* AppCoordinator.swift */; };
		20FDFFB424B39F2E00FA5133 /* WebKitViewController.swift in Sources */ = {isa = PBXBuildFile; fileRef = 20FDFFB324B39F2E00FA5133 /* WebKitViewController.swift */; };
		6C338EBA898E9EFB31C3A8CC /* Pods_TwitchGamesFeed.framework in Frameworks */ = {isa = PBXBuildFile; fileRef = C4B1C310336AC132CB92F275 /* Pods_TwitchGamesFeed.framework */; };
/* End PBXBuildFile section */

/* Begin PBXFileReference section */
		203644B024B1D32100C31BC9 /* AppFramework.swift */ = {isa = PBXFileReference; lastKnownFileType = sourcecode.swift; path = AppFramework.swift; sourceTree = "<group>"; };
		203644B424B1D37600C31BC9 /* CoordinatorDIPart.swift */ = {isa = PBXFileReference; lastKnownFileType = sourcecode.swift; path = CoordinatorDIPart.swift; sourceTree = "<group>"; };
		203644B624B1D7DC00C31BC9 /* TopGamesStreamsFeedDIPart.swift */ = {isa = PBXFileReference; lastKnownFileType = sourcecode.swift; path = TopGamesStreamsFeedDIPart.swift; sourceTree = "<group>"; };
		203644B824B1DF7400C31BC9 /* Protocols.swift */ = {isa = PBXFileReference; lastKnownFileType = sourcecode.swift; path = Protocols.swift; sourceTree = "<group>"; };
		203644BC24B1DFC800C31BC9 /* TopGamesFeedCoordinator.swift */ = {isa = PBXFileReference; lastKnownFileType = sourcecode.swift; path = TopGamesFeedCoordinator.swift; sourceTree = "<group>"; };
		2037665224B6314800A7089F /* PosterImageViewBaseView.swift */ = {isa = PBXFileReference; lastKnownFileType = sourcecode.swift; path = PosterImageViewBaseView.swift; sourceTree = "<group>"; };
		2042D9B924B3793D007C8E5E /* UIScrollView + Extensions.swift */ = {isa = PBXFileReference; lastKnownFileType = sourcecode.swift; path = "UIScrollView + Extensions.swift"; sourceTree = "<group>"; };
		2042D9BD24B37A11007C8E5E /* TwitchFeaturedStream.swift */ = {isa = PBXFileReference; lastKnownFileType = sourcecode.swift; path = TwitchFeaturedStream.swift; sourceTree = "<group>"; };
		204831CB24B8C93300361B50 /* TwitchStream.swift */ = {isa = PBXFileReference; lastKnownFileType = sourcecode.swift; path = TwitchStream.swift; sourceTree = "<group>"; };
		204831CE24B8C9D900361B50 /* TwitchStreamsFeedViewModel.swift */ = {isa = PBXFileReference; lastKnownFileType = sourcecode.swift; path = TwitchStreamsFeedViewModel.swift; sourceTree = "<group>"; };
		204831D124B8CA5700361B50 /* TwitchStreamsFeedModelConverter.swift */ = {isa = PBXFileReference; lastKnownFileType = sourcecode.swift; path = TwitchStreamsFeedModelConverter.swift; sourceTree = "<group>"; };
		204831D324B8CA9B00361B50 /* TwitchStreamsFeedDIPart.swift */ = {isa = PBXFileReference; lastKnownFileType = sourcecode.swift; path = TwitchStreamsFeedDIPart.swift; sourceTree = "<group>"; };
		204831D524B8CFD200361B50 /* TwitchStreamsFeedViewController.swift */ = {isa = PBXFileReference; lastKnownFileType = sourcecode.swift; path = TwitchStreamsFeedViewController.swift; sourceTree = "<group>"; };
		204831D724B8D04800361B50 /* TwitchStreamsFeedCoordinator.swift */ = {isa = PBXFileReference; lastKnownFileType = sourcecode.swift; path = TwitchStreamsFeedCoordinator.swift; sourceTree = "<group>"; };
		204831DA24B8D18100361B50 /* TwitchStreamCell.swift */ = {isa = PBXFileReference; lastKnownFileType = sourcecode.swift; path = TwitchStreamCell.swift; sourceTree = "<group>"; };
		20893A5924B240E2006A8964 /* Rx + Extensions.swift */ = {isa = PBXFileReference; lastKnownFileType = sourcecode.swift; path = "Rx + Extensions.swift"; sourceTree = "<group>"; };
		20EF34D124B11AC30082FA67 /* TwitchGamesFeed.app */ = {isa = PBXFileReference; explicitFileType = wrapper.application; includeInIndex = 0; path = TwitchGamesFeed.app; sourceTree = BUILT_PRODUCTS_DIR; };
		20EF34D424B11AC30082FA67 /* AppDelegate.swift */ = {isa = PBXFileReference; lastKnownFileType = sourcecode.swift; path = AppDelegate.swift; sourceTree = "<group>"; };
		20EF34DD24B11AC50082FA67 /* Assets.xcassets */ = {isa = PBXFileReference; lastKnownFileType = folder.assetcatalog; path = Assets.xcassets; sourceTree = "<group>"; };
		20EF34E024B11AC50082FA67 /* Base */ = {isa = PBXFileReference; lastKnownFileType = file.storyboard; name = Base; path = Base.lproj/LaunchScreen.storyboard; sourceTree = "<group>"; };
		20EF34E224B11AC50082FA67 /* Info.plist */ = {isa = PBXFileReference; lastKnownFileType = text.plist.xml; path = Info.plist; sourceTree = "<group>"; };
		20EF350324B11C580082FA67 /* TwitchGame.swift */ = {isa = PBXFileReference; fileEncoding = 4; lastKnownFileType = sourcecode.swift; path = TwitchGame.swift; sourceTree = "<group>"; };
		20EF350524B11C580082FA67 /* HTTPClient.swift */ = {isa = PBXFileReference; fileEncoding = 4; lastKnownFileType = sourcecode.swift; path = HTTPClient.swift; sourceTree = "<group>"; };
		20EF350624B11C580082FA67 /* TwitchAPI.swift */ = {isa = PBXFileReference; fileEncoding = 4; lastKnownFileType = sourcecode.swift; path = TwitchAPI.swift; sourceTree = "<group>"; };
		20EF350824B11C580082FA67 /* TopGamesStreamsFeedViewModel.swift */ = {isa = PBXFileReference; fileEncoding = 4; lastKnownFileType = sourcecode.swift; path = TopGamesStreamsFeedViewModel.swift; sourceTree = "<group>"; };
		20EF350A24B11C580082FA67 /* DotMenuButton.swift */ = {isa = PBXFileReference; fileEncoding = 4; lastKnownFileType = sourcecode.swift; path = DotMenuButton.swift; sourceTree = "<group>"; };
		20EF350B24B11C580082FA67 /* SlideMenuItemCell.swift */ = {isa = PBXFileReference; fileEncoding = 4; lastKnownFileType = sourcecode.swift; path = SlideMenuItemCell.swift; sourceTree = "<group>"; };
		20EF350C24B11C580082FA67 /* TwitchGameCell.swift */ = {isa = PBXFileReference; fileEncoding = 4; lastKnownFileType = sourcecode.swift; path = TwitchGameCell.swift; sourceTree = "<group>"; };
		20EF350D24B11C580082FA67 /* TopGamesStreamsFeedViewController.swift */ = {isa = PBXFileReference; fileEncoding = 4; lastKnownFileType = sourcecode.swift; path = TopGamesStreamsFeedViewController.swift; sourceTree = "<group>"; };
		20FD59A624B19FA4008DD901 /* AppCoordinator.swift */ = {isa = PBXFileReference; lastKnownFileType = sourcecode.swift; path = AppCoordinator.swift; sourceTree = "<group>"; };
		20FDFFB324B39F2E00FA5133 /* WebKitViewController.swift */ = {isa = PBXFileReference; lastKnownFileType = sourcecode.swift; path = WebKitViewController.swift; sourceTree = "<group>"; };
		59FCFF3094B84E3EA9BB0142 /* Pods-TwitchGamesFeed.debug.xcconfig */ = {isa = PBXFileReference; includeInIndex = 1; lastKnownFileType = text.xcconfig; name = "Pods-TwitchGamesFeed.debug.xcconfig"; path = "Target Support Files/Pods-TwitchGamesFeed/Pods-TwitchGamesFeed.debug.xcconfig"; sourceTree = "<group>"; };
		8301B56E49163DB9F0836442 /* Pods-TwitchGamesFeed.release.xcconfig */ = {isa = PBXFileReference; includeInIndex = 1; lastKnownFileType = text.xcconfig; name = "Pods-TwitchGamesFeed.release.xcconfig"; path = "Target Support Files/Pods-TwitchGamesFeed/Pods-TwitchGamesFeed.release.xcconfig"; sourceTree = "<group>"; };
		C4B1C310336AC132CB92F275 /* Pods_TwitchGamesFeed.framework */ = {isa = PBXFileReference; explicitFileType = wrapper.framework; includeInIndex = 0; path = Pods_TwitchGamesFeed.framework; sourceTree = BUILT_PRODUCTS_DIR; };
/* End PBXFileReference section */

/* Begin PBXFrameworksBuildPhase section */
		20EF34CE24B11AC30082FA67 /* Frameworks */ = {
			isa = PBXFrameworksBuildPhase;
			buildActionMask = 2147483647;
			files = (
				6C338EBA898E9EFB31C3A8CC /* Pods_TwitchGamesFeed.framework in Frameworks */,
			);
			runOnlyForDeploymentPostprocessing = 0;
		};
/* End PBXFrameworksBuildPhase section */

/* Begin PBXGroup section */
		203644AF24B1D2BD00C31BC9 /* DI */ = {
			isa = PBXGroup;
			children = (
				203644B024B1D32100C31BC9 /* AppFramework.swift */,
				203644B424B1D37600C31BC9 /* CoordinatorDIPart.swift */,
				203644B624B1D7DC00C31BC9 /* TopGamesStreamsFeedDIPart.swift */,
				204831D324B8CA9B00361B50 /* TwitchStreamsFeedDIPart.swift */,
			);
			path = DI;
			sourceTree = "<group>";
		};
		2042D9B524B378B6007C8E5E /* Recources */ = {
			isa = PBXGroup;
			children = (
				20EF34DF24B11AC50082FA67 /* LaunchScreen.storyboard */,
				20EF34D424B11AC30082FA67 /* AppDelegate.swift */,
				20EF34DD24B11AC50082FA67 /* Assets.xcassets */,
			);
			path = Recources;
			sourceTree = "<group>";
		};
		204831CD24B8C9C500361B50 /* TwitchStreamsFeed */ = {
			isa = PBXGroup;
			children = (
				204831D924B8D16200361B50 /* Subviews */,
				204831D024B8CA2300361B50 /* ModelConverter */,
				204831CE24B8C9D900361B50 /* TwitchStreamsFeedViewModel.swift */,
				204831D524B8CFD200361B50 /* TwitchStreamsFeedViewController.swift */,
				20FDFFB324B39F2E00FA5133 /* WebKitViewController.swift */,
			);
			path = TwitchStreamsFeed;
			sourceTree = "<group>";
		};
		204831D024B8CA2300361B50 /* ModelConverter */ = {
			isa = PBXGroup;
			children = (
				204831D124B8CA5700361B50 /* TwitchStreamsFeedModelConverter.swift */,
			);
			path = ModelConverter;
			sourceTree = "<group>";
		};
		204831D924B8D16200361B50 /* Subviews */ = {
			isa = PBXGroup;
			children = (
				204831DA24B8D18100361B50 /* TwitchStreamCell.swift */,
				2037665224B6314800A7089F /* PosterImageViewBaseView.swift */,
			);
			path = Subviews;
			sourceTree = "<group>";
		};
		20893A5824B240D8006A8964 /* Extensions */ = {
			isa = PBXGroup;
			children = (
				20893A5924B240E2006A8964 /* Rx + Extensions.swift */,
				2042D9B924B3793D007C8E5E /* UIScrollView + Extensions.swift */,
			);
			path = Extensions;
			sourceTree = "<group>";
		};
		20EF34C824B11AC30082FA67 = {
			isa = PBXGroup;
			children = (
				20EF34D324B11AC30082FA67 /* TwitchGamesFeed */,
				20EF34D224B11AC30082FA67 /* Products */,
				549EC9E8B9D96D34EE5A62C6 /* Pods */,
				D6935D631EAF271D63454D4B /* Frameworks */,
			);
			sourceTree = "<group>";
		};
		20EF34D224B11AC30082FA67 /* Products */ = {
			isa = PBXGroup;
			children = (
				20EF34D124B11AC30082FA67 /* TwitchGamesFeed.app */,
			);
			name = Products;
			sourceTree = "<group>";
		};
		20EF34D324B11AC30082FA67 /* TwitchGamesFeed */ = {
			isa = PBXGroup;
			children = (
				204831CD24B8C9C500361B50 /* TwitchStreamsFeed */,
				20EF34E224B11AC50082FA67 /* Info.plist */,
				203644B824B1DF7400C31BC9 /* Protocols.swift */,
				2042D9B524B378B6007C8E5E /* Recources */,
				20893A5824B240D8006A8964 /* Extensions */,
				203644AF24B1D2BD00C31BC9 /* DI */,
				20FD59A524B19F90008DD901 /* Coordinators */,
				20EF350224B11C580082FA67 /* Model */,
				20EF350424B11C580082FA67 /* Networking */,
				20EF350724B11C580082FA67 /* TopGamesStreamsFeed */,
			);
			path = TwitchGamesFeed;
			sourceTree = "<group>";
		};
		20EF350224B11C580082FA67 /* Model */ = {
			isa = PBXGroup;
			children = (
				20EF350324B11C580082FA67 /* TwitchGame.swift */,
				204831CB24B8C93300361B50 /* TwitchStream.swift */,
				2042D9BD24B37A11007C8E5E /* TwitchFeaturedStream.swift */,
			);
			path = Model;
			sourceTree = "<group>";
		};
		20EF350424B11C580082FA67 /* Networking */ = {
			isa = PBXGroup;
			children = (
				20EF350524B11C580082FA67 /* HTTPClient.swift */,
				20EF350624B11C580082FA67 /* TwitchAPI.swift */,
			);
			path = Networking;
			sourceTree = "<group>";
		};
		20EF350724B11C580082FA67 /* TopGamesStreamsFeed */ = {
			isa = PBXGroup;
			children = (
				20EF350924B11C580082FA67 /* Subviews */,
				20EF350D24B11C580082FA67 /* TopGamesStreamsFeedViewController.swift */,
				20EF350824B11C580082FA67 /* TopGamesStreamsFeedViewModel.swift */,
			);
			path = TopGamesStreamsFeed;
			sourceTree = "<group>";
		};
		20EF350924B11C580082FA67 /* Subviews */ = {
			isa = PBXGroup;
			children = (
				20EF350A24B11C580082FA67 /* DotMenuButton.swift */,
				20EF350B24B11C580082FA67 /* SlideMenuItemCell.swift */,
				20EF350C24B11C580082FA67 /* TwitchGameCell.swift */,
			);
			path = Subviews;
			sourceTree = "<group>";
		};
		20FD59A524B19F90008DD901 /* Coordinators */ = {
			isa = PBXGroup;
			children = (
				20FD59A624B19FA4008DD901 /* AppCoordinator.swift */,
				203644BC24B1DFC800C31BC9 /* TopGamesFeedCoordinator.swift */,
				204831D724B8D04800361B50 /* TwitchStreamsFeedCoordinator.swift */,
			);
			path = Coordinators;
			sourceTree = "<group>";
		};
		549EC9E8B9D96D34EE5A62C6 /* Pods */ = {
			isa = PBXGroup;
			children = (
				59FCFF3094B84E3EA9BB0142 /* Pods-TwitchGamesFeed.debug.xcconfig */,
				8301B56E49163DB9F0836442 /* Pods-TwitchGamesFeed.release.xcconfig */,
			);
			path = Pods;
			sourceTree = "<group>";
		};
		D6935D631EAF271D63454D4B /* Frameworks */ = {
			isa = PBXGroup;
			children = (
				C4B1C310336AC132CB92F275 /* Pods_TwitchGamesFeed.framework */,
			);
			name = Frameworks;
			sourceTree = "<group>";
		};
/* End PBXGroup section */

/* Begin PBXNativeTarget section */
		20EF34D024B11AC30082FA67 /* TwitchGamesFeed */ = {
			isa = PBXNativeTarget;
			buildConfigurationList = 20EF34E524B11AC50082FA67 /* Build configuration list for PBXNativeTarget "TwitchGamesFeed" */;
			buildPhases = (
				FCC393E90F1A6287D3BF4820 /* [CP] Check Pods Manifest.lock */,
				20EF34CD24B11AC30082FA67 /* Sources */,
				20EF34CE24B11AC30082FA67 /* Frameworks */,
				20EF34CF24B11AC30082FA67 /* Resources */,
				41F37DCAFC51F7939A954120 /* [CP] Embed Pods Frameworks */,
			);
			buildRules = (
			);
			dependencies = (
			);
			name = TwitchGamesFeed;
			productName = TwitchGamesFeed;
			productReference = 20EF34D124B11AC30082FA67 /* TwitchGamesFeed.app */;
			productType = "com.apple.product-type.application";
		};
/* End PBXNativeTarget section */

/* Begin PBXProject section */
		20EF34C924B11AC30082FA67 /* Project object */ = {
			isa = PBXProject;
			attributes = {
				LastSwiftUpdateCheck = 1150;
				LastUpgradeCheck = 1150;
				ORGANIZATIONNAME = "Alexander Team";
				TargetAttributes = {
					20EF34D024B11AC30082FA67 = {
						CreatedOnToolsVersion = 11.5;
					};
				};
			};
			buildConfigurationList = 20EF34CC24B11AC30082FA67 /* Build configuration list for PBXProject "TwitchGamesFeed" */;
			compatibilityVersion = "Xcode 9.3";
			developmentRegion = en;
			hasScannedForEncodings = 0;
			knownRegions = (
				en,
				Base,
			);
			mainGroup = 20EF34C824B11AC30082FA67;
			productRefGroup = 20EF34D224B11AC30082FA67 /* Products */;
			projectDirPath = "";
			projectRoot = "";
			targets = (
				20EF34D024B11AC30082FA67 /* TwitchGamesFeed */,
			);
		};
/* End PBXProject section */

/* Begin PBXResourcesBuildPhase section */
		20EF34CF24B11AC30082FA67 /* Resources */ = {
			isa = PBXResourcesBuildPhase;
			buildActionMask = 2147483647;
			files = (
				20EF34E124B11AC50082FA67 /* LaunchScreen.storyboard in Resources */,
				20EF34DE24B11AC50082FA67 /* Assets.xcassets in Resources */,
			);
			runOnlyForDeploymentPostprocessing = 0;
		};
/* End PBXResourcesBuildPhase section */

/* Begin PBXShellScriptBuildPhase section */
		41F37DCAFC51F7939A954120 /* [CP] Embed Pods Frameworks */ = {
			isa = PBXShellScriptBuildPhase;
			buildActionMask = 2147483647;
			files = (
			);
			inputFileListPaths = (
				"${PODS_ROOT}/Target Support Files/Pods-TwitchGamesFeed/Pods-TwitchGamesFeed-frameworks-${CONFIGURATION}-input-files.xcfilelist",
			);
			name = "[CP] Embed Pods Frameworks";
			outputFileListPaths = (
				"${PODS_ROOT}/Target Support Files/Pods-TwitchGamesFeed/Pods-TwitchGamesFeed-frameworks-${CONFIGURATION}-output-files.xcfilelist",
			);
			runOnlyForDeploymentPostprocessing = 0;
			shellPath = /bin/sh;
			shellScript = "\"${PODS_ROOT}/Target Support Files/Pods-TwitchGamesFeed/Pods-TwitchGamesFeed-frameworks.sh\"\n";
			showEnvVarsInLog = 0;
		};
		FCC393E90F1A6287D3BF4820 /* [CP] Check Pods Manifest.lock */ = {
			isa = PBXShellScriptBuildPhase;
			buildActionMask = 2147483647;
			files = (
			);
			inputFileListPaths = (
			);
			inputPaths = (
				"${PODS_PODFILE_DIR_PATH}/Podfile.lock",
				"${PODS_ROOT}/Manifest.lock",
			);
			name = "[CP] Check Pods Manifest.lock";
			outputFileListPaths = (
			);
			outputPaths = (
				"$(DERIVED_FILE_DIR)/Pods-TwitchGamesFeed-checkManifestLockResult.txt",
			);
			runOnlyForDeploymentPostprocessing = 0;
			shellPath = /bin/sh;
			shellScript = "diff \"${PODS_PODFILE_DIR_PATH}/Podfile.lock\" \"${PODS_ROOT}/Manifest.lock\" > /dev/null\nif [ $? != 0 ] ; then\n    # print error to STDERR\n    echo \"error: The sandbox is not in sync with the Podfile.lock. Run 'pod install' or update your CocoaPods installation.\" >&2\n    exit 1\nfi\n# This output is used by Xcode 'outputs' to avoid re-running this script phase.\necho \"SUCCESS\" > \"${SCRIPT_OUTPUT_FILE_0}\"\n";
			showEnvVarsInLog = 0;
		};
/* End PBXShellScriptBuildPhase section */

/* Begin PBXSourcesBuildPhase section */
		20EF34CD24B11AC30082FA67 /* Sources */ = {
			isa = PBXSourcesBuildPhase;
			buildActionMask = 2147483647;
			files = (
				204831D824B8D04800361B50 /* TwitchStreamsFeedCoordinator.swift in Sources */,
				2037665324B6314800A7089F /* PosterImageViewBaseView.swift in Sources */,
				203644BD24B1DFC800C31BC9 /* TopGamesFeedCoordinator.swift in Sources */,
				20893A5A24B240E2006A8964 /* Rx + Extensions.swift in Sources */,
				204831CC24B8C93300361B50 /* TwitchStream.swift in Sources */,
				204831D624B8CFD200361B50 /* TwitchStreamsFeedViewController.swift in Sources */,
				20EF351224B11C580082FA67 /* DotMenuButton.swift in Sources */,
				2042D9BA24B3793D007C8E5E /* UIScrollView + Extensions.swift in Sources */,
				204831CF24B8C9D900361B50 /* TwitchStreamsFeedViewModel.swift in Sources */,
				20EF351124B11C580082FA67 /* TopGamesStreamsFeedViewModel.swift in Sources */,
				20FD59A724B19FA4008DD901 /* AppCoordinator.swift in Sources */,
				20EF350E24B11C580082FA67 /* TwitchGame.swift in Sources */,
				20EF34D524B11AC30082FA67 /* AppDelegate.swift in Sources */,
				204831DB24B8D18100361B50 /* TwitchStreamCell.swift in Sources */,
				203644B724B1D7DC00C31BC9 /* TopGamesStreamsFeedDIPart.swift in Sources */,
				204831D224B8CA5700361B50 /* TwitchStreamsFeedModelConverter.swift in Sources */,
				20EF351424B11C580082FA67 /* TwitchGameCell.swift in Sources */,
				203644B124B1D32100C31BC9 /* AppFramework.swift in Sources */,
				20FDFFB424B39F2E00FA5133 /* WebKitViewController.swift in Sources */,
				2042D9BE24B37A11007C8E5E /* TwitchFeaturedStream.swift in Sources */,
				20EF350F24B11C580082FA67 /* HTTPClient.swift in Sources */,
				203644B924B1DF7400C31BC9 /* Protocols.swift in Sources */,
				203644B524B1D37600C31BC9 /* CoordinatorDIPart.swift in Sources */,
				20EF351024B11C580082FA67 /* TwitchAPI.swift in Sources */,
				20EF351524B11C580082FA67 /* TopGamesStreamsFeedViewController.swift in Sources */,
				204831D424B8CA9B00361B50 /* TwitchStreamsFeedDIPart.swift in Sources */,
				20EF351324B11C580082FA67 /* SlideMenuItemCell.swift in Sources */,
			);
			runOnlyForDeploymentPostprocessing = 0;
		};
/* End PBXSourcesBuildPhase section */

/* Begin PBXVariantGroup section */
		20EF34DF24B11AC50082FA67 /* LaunchScreen.storyboard */ = {
			isa = PBXVariantGroup;
			children = (
				20EF34E024B11AC50082FA67 /* Base */,
			);
			name = LaunchScreen.storyboard;
			sourceTree = "<group>";
		};
/* End PBXVariantGroup section */

/* Begin XCBuildConfiguration section */
		20EF34E324B11AC50082FA67 /* Debug */ = {
			isa = XCBuildConfiguration;
			buildSettings = {
				ALWAYS_SEARCH_USER_PATHS = NO;
				CLANG_ANALYZER_NONNULL = YES;
				CLANG_ANALYZER_NUMBER_OBJECT_CONVERSION = YES_AGGRESSIVE;
				CLANG_CXX_LANGUAGE_STANDARD = "gnu++14";
				CLANG_CXX_LIBRARY = "libc++";
				CLANG_ENABLE_MODULES = YES;
				CLANG_ENABLE_OBJC_ARC = YES;
				CLANG_ENABLE_OBJC_WEAK = YES;
				CLANG_WARN_BLOCK_CAPTURE_AUTORELEASING = YES;
				CLANG_WARN_BOOL_CONVERSION = YES;
				CLANG_WARN_COMMA = YES;
				CLANG_WARN_CONSTANT_CONVERSION = YES;
				CLANG_WARN_DEPRECATED_OBJC_IMPLEMENTATIONS = YES;
				CLANG_WARN_DIRECT_OBJC_ISA_USAGE = YES_ERROR;
				CLANG_WARN_DOCUMENTATION_COMMENTS = YES;
				CLANG_WARN_EMPTY_BODY = YES;
				CLANG_WARN_ENUM_CONVERSION = YES;
				CLANG_WARN_INFINITE_RECURSION = YES;
				CLANG_WARN_INT_CONVERSION = YES;
				CLANG_WARN_NON_LITERAL_NULL_CONVERSION = YES;
				CLANG_WARN_OBJC_IMPLICIT_RETAIN_SELF = YES;
				CLANG_WARN_OBJC_LITERAL_CONVERSION = YES;
				CLANG_WARN_OBJC_ROOT_CLASS = YES_ERROR;
				CLANG_WARN_RANGE_LOOP_ANALYSIS = YES;
				CLANG_WARN_STRICT_PROTOTYPES = YES;
				CLANG_WARN_SUSPICIOUS_MOVE = YES;
				CLANG_WARN_UNGUARDED_AVAILABILITY = YES_AGGRESSIVE;
				CLANG_WARN_UNREACHABLE_CODE = YES;
				CLANG_WARN__DUPLICATE_METHOD_MATCH = YES;
				COPY_PHASE_STRIP = NO;
				DEBUG_INFORMATION_FORMAT = dwarf;
				ENABLE_STRICT_OBJC_MSGSEND = YES;
				ENABLE_TESTABILITY = YES;
				GCC_C_LANGUAGE_STANDARD = gnu11;
				GCC_DYNAMIC_NO_PIC = NO;
				GCC_NO_COMMON_BLOCKS = YES;
				GCC_OPTIMIZATION_LEVEL = 0;
				GCC_PREPROCESSOR_DEFINITIONS = (
					"DEBUG=1",
					"$(inherited)",
				);
				GCC_WARN_64_TO_32_BIT_CONVERSION = YES;
				GCC_WARN_ABOUT_RETURN_TYPE = YES_ERROR;
				GCC_WARN_UNDECLARED_SELECTOR = YES;
				GCC_WARN_UNINITIALIZED_AUTOS = YES_AGGRESSIVE;
				GCC_WARN_UNUSED_FUNCTION = YES;
				GCC_WARN_UNUSED_VARIABLE = YES;
				IPHONEOS_DEPLOYMENT_TARGET = 13.5;
				MTL_ENABLE_DEBUG_INFO = INCLUDE_SOURCE;
				MTL_FAST_MATH = YES;
				ONLY_ACTIVE_ARCH = YES;
				SDKROOT = iphoneos;
				SWIFT_ACTIVE_COMPILATION_CONDITIONS = DEBUG;
				SWIFT_OPTIMIZATION_LEVEL = "-Onone";
			};
			name = Debug;
		};
		20EF34E424B11AC50082FA67 /* Release */ = {
			isa = XCBuildConfiguration;
			buildSettings = {
				ALWAYS_SEARCH_USER_PATHS = NO;
				CLANG_ANALYZER_NONNULL = YES;
				CLANG_ANALYZER_NUMBER_OBJECT_CONVERSION = YES_AGGRESSIVE;
				CLANG_CXX_LANGUAGE_STANDARD = "gnu++14";
				CLANG_CXX_LIBRARY = "libc++";
				CLANG_ENABLE_MODULES = YES;
				CLANG_ENABLE_OBJC_ARC = YES;
				CLANG_ENABLE_OBJC_WEAK = YES;
				CLANG_WARN_BLOCK_CAPTURE_AUTORELEASING = YES;
				CLANG_WARN_BOOL_CONVERSION = YES;
				CLANG_WARN_COMMA = YES;
				CLANG_WARN_CONSTANT_CONVERSION = YES;
				CLANG_WARN_DEPRECATED_OBJC_IMPLEMENTATIONS = YES;
				CLANG_WARN_DIRECT_OBJC_ISA_USAGE = YES_ERROR;
				CLANG_WARN_DOCUMENTATION_COMMENTS = YES;
				CLANG_WARN_EMPTY_BODY = YES;
				CLANG_WARN_ENUM_CONVERSION = YES;
				CLANG_WARN_INFINITE_RECURSION = YES;
				CLANG_WARN_INT_CONVERSION = YES;
				CLANG_WARN_NON_LITERAL_NULL_CONVERSION = YES;
				CLANG_WARN_OBJC_IMPLICIT_RETAIN_SELF = YES;
				CLANG_WARN_OBJC_LITERAL_CONVERSION = YES;
				CLANG_WARN_OBJC_ROOT_CLASS = YES_ERROR;
				CLANG_WARN_RANGE_LOOP_ANALYSIS = YES;
				CLANG_WARN_STRICT_PROTOTYPES = YES;
				CLANG_WARN_SUSPICIOUS_MOVE = YES;
				CLANG_WARN_UNGUARDED_AVAILABILITY = YES_AGGRESSIVE;
				CLANG_WARN_UNREACHABLE_CODE = YES;
				CLANG_WARN__DUPLICATE_METHOD_MATCH = YES;
				COPY_PHASE_STRIP = NO;
				DEBUG_INFORMATION_FORMAT = "dwarf-with-dsym";
				ENABLE_NS_ASSERTIONS = NO;
				ENABLE_STRICT_OBJC_MSGSEND = YES;
				GCC_C_LANGUAGE_STANDARD = gnu11;
				GCC_NO_COMMON_BLOCKS = YES;
				GCC_WARN_64_TO_32_BIT_CONVERSION = YES;
				GCC_WARN_ABOUT_RETURN_TYPE = YES_ERROR;
				GCC_WARN_UNDECLARED_SELECTOR = YES;
				GCC_WARN_UNINITIALIZED_AUTOS = YES_AGGRESSIVE;
				GCC_WARN_UNUSED_FUNCTION = YES;
				GCC_WARN_UNUSED_VARIABLE = YES;
				IPHONEOS_DEPLOYMENT_TARGET = 13.5;
				MTL_ENABLE_DEBUG_INFO = NO;
				MTL_FAST_MATH = YES;
				SDKROOT = iphoneos;
				SWIFT_COMPILATION_MODE = wholemodule;
				SWIFT_OPTIMIZATION_LEVEL = "-O";
				VALIDATE_PRODUCT = YES;
			};
			name = Release;
		};
		20EF34E624B11AC50082FA67 /* Debug */ = {
			isa = XCBuildConfiguration;
			baseConfigurationReference = 59FCFF3094B84E3EA9BB0142 /* Pods-TwitchGamesFeed.debug.xcconfig */;
			buildSettings = {
				ASSETCATALOG_COMPILER_APPICON_NAME = AppIcon;
				CODE_SIGN_STYLE = Automatic;
				DEVELOPMENT_TEAM = E8W748977J;
				INFOPLIST_FILE = TwitchGamesFeed/Info.plist;
				LD_RUNPATH_SEARCH_PATHS = (
					"$(inherited)",
					"@executable_path/Frameworks",
				);
				PRODUCT_BUNDLE_IDENTIFIER = com.esuba.TwitchGamesFeed;
				PRODUCT_NAME = "$(TARGET_NAME)";
				SWIFT_VERSION = 5.0;
				TARGETED_DEVICE_FAMILY = 1;
			};
			name = Debug;
		};
		20EF34E724B11AC50082FA67 /* Release */ = {
			isa = XCBuildConfiguration;
			baseConfigurationReference = 8301B56E49163DB9F0836442 /* Pods-TwitchGamesFeed.release.xcconfig */;
			buildSettings = {
				ASSETCATALOG_COMPILER_APPICON_NAME = AppIcon;
				CODE_SIGN_STYLE = Automatic;
				DEVELOPMENT_TEAM = E8W748977J;
				INFOPLIST_FILE = TwitchGamesFeed/Info.plist;
				LD_RUNPATH_SEARCH_PATHS = (
					"$(inherited)",
					"@executable_path/Frameworks",
				);
				PRODUCT_BUNDLE_IDENTIFIER = com.esuba.TwitchGamesFeed;
				PRODUCT_NAME = "$(TARGET_NAME)";
				SWIFT_VERSION = 5.0;
				TARGETED_DEVICE_FAMILY = 1;
			};
			name = Release;
		};
/* End XCBuildConfiguration section */

/* Begin XCConfigurationList section */
		20EF34CC24B11AC30082FA67 /* Build configuration list for PBXProject "TwitchGamesFeed" */ = {
			isa = XCConfigurationList;
			buildConfigurations = (
				20EF34E324B11AC50082FA67 /* Debug */,
				20EF34E424B11AC50082FA67 /* Release */,
			);
			defaultConfigurationIsVisible = 0;
			defaultConfigurationName = Release;
		};
		20EF34E524B11AC50082FA67 /* Build configuration list for PBXNativeTarget "TwitchGamesFeed" */ = {
			isa = XCConfigurationList;
			buildConfigurations = (
				20EF34E624B11AC50082FA67 /* Debug */,
				20EF34E724B11AC50082FA67 /* Release */,
			);
			defaultConfigurationIsVisible = 0;
			defaultConfigurationName = Release;
		};
/* End XCConfigurationList section */
	};
	rootObject = 20EF34C924B11AC30082FA67 /* Project object */;
}
